
Microsoft Visual Studio Solution File, Format Version 12.00
# Visual Studio 14
VisualStudioVersion = 14.0.25420.1
MinimumVisualStudioVersion = 10.0.40219.1
Project("{FAE04EC0-301F-11D3-BF4B-00C04F79EFBC}") = "DAL", "DAL\DAL.csproj", "{ED7DE391-D0CC-4FE7-B628-F8DEC8A8E7BF}"
EndProject
Project("{FAE04EC0-301F-11D3-BF4B-00C04F79EFBC}") = "OwnersPets", "OrdersPets\OwnersPets.csproj", "{333F8BBA-BD3F-45B0-862E-68ABBB6CA86C}"
EndProject
Project("{FAE04EC0-301F-11D3-BF4B-00C04F79EFBC}") = "BLL", "BLL\BLL.csproj", "{761BD307-FF38-405D-AD04-39A6FFD2BFC9}"
EndProject
Project("{FAE04EC0-301F-11D3-BF4B-00C04F79EFBC}") = "API", "API\API.csproj", "{3C48A425-5247-468C-A579-28320ADD2362}"
EndProject
Global
	GlobalSection(SolutionConfigurationPlatforms) = preSolution
		Debug|Any CPU = Debug|Any CPU
		Release|Any CPU = Release|Any CPU
	EndGlobalSection
	GlobalSection(ProjectConfigurationPlatforms) = postSolution
		{ED7DE391-D0CC-4FE7-B628-F8DEC8A8E7BF}.Debug|Any CPU.ActiveCfg = Debug|Any CPU
		{ED7DE391-D0CC-4FE7-B628-F8DEC8A8E7BF}.Debug|Any CPU.Build.0 = Debug|Any CPU
		{ED7DE391-D0CC-4FE7-B628-F8DEC8A8E7BF}.Release|Any CPU.ActiveCfg = Release|Any CPU
		{ED7DE391-D0CC-4FE7-B628-F8DEC8A8E7BF}.Release|Any CPU.Build.0 = Release|Any CPU
		{333F8BBA-BD3F-45B0-862E-68ABBB6CA86C}.Debug|Any CPU.ActiveCfg = Debug|Any CPU
		{333F8BBA-BD3F-45B0-862E-68ABBB6CA86C}.Debug|Any CPU.Build.0 = Debug|Any CPU
		{333F8BBA-BD3F-45B0-862E-68ABBB6CA86C}.Release|Any CPU.ActiveCfg = Release|Any CPU
		{333F8BBA-BD3F-45B0-862E-68ABBB6CA86C}.Release|Any CPU.Build.0 = Release|Any CPU
		{761BD307-FF38-405D-AD04-39A6FFD2BFC9}.Debug|Any CPU.ActiveCfg = Debug|Any CPU
		{761BD307-FF38-405D-AD04-39A6FFD2BFC9}.Debug|Any CPU.Build.0 = Debug|Any CPU
		{761BD307-FF38-405D-AD04-39A6FFD2BFC9}.Release|Any CPU.ActiveCfg = Release|Any CPU
		{761BD307-FF38-405D-AD04-39A6FFD2BFC9}.Release|Any CPU.Build.0 = Release|Any CPU
		{3C48A425-5247-468C-A579-28320ADD2362}.Debug|Any CPU.ActiveCfg = Debug|Any CPU
		{3C48A425-5247-468C-A579-28320ADD2362}.Debug|Any CPU.Build.0 = Debug|Any CPU
		{3C48A425-5247-468C-A579-28320ADD2362}.Release|Any CPU.ActiveCfg = Release|Any CPU
		{3C48A425-5247-468C-A579-28320ADD2362}.Release|Any CPU.Build.0 = Release|Any CPU
	EndGlobalSection
	GlobalSection(SolutionProperties) = preSolution
		HideSolutionNode = FALSE
	EndGlobalSection
EndGlobal
